
Microsoft Visual Studio Solution File, Format Version 12.00
# Visual Studio Version 17
VisualStudioVersion = 17.5.002.0
MinimumVisualStudioVersion = 10.0.40219.1
Project("{9A19103F-16F7-4668-BE54-9A1E7A4F7556}") = "faas-metrics", "src\faas-metrics.csproj", "{FDCFBC51-D7A7-4D1A-9FBE-9626D034E822}"
EndProject
Global
	GlobalSection(SolutionConfigurationPlatforms) = preSolution
		Debug|Any CPU = Debug|Any CPU
		Release|Any CPU = Release|Any CPU
	EndGlobalSection
	GlobalSection(ProjectConfigurationPlatforms) = postSolution
		{FDCFBC51-D7A7-4D1A-9FBE-9626D034E822}.Debug|Any CPU.ActiveCfg = Debug|Any CPU
		{FDCFBC51-D7A7-4D1A-9FBE-9626D034E822}.Debug|Any CPU.Build.0 = Debug|Any CPU
		{FDCFBC51-D7A7-4D1A-9FBE-9626D034E822}.Release|Any CPU.ActiveCfg = Release|Any CPU
		{FDCFBC51-D7A7-4D1A-9FBE-9626D034E822}.Release|Any CPU.Build.0 = Release|Any CPU
	EndGlobalSection
	GlobalSection(SolutionProperties) = preSolution
		HideSolutionNode = FALSE
	EndGlobalSection
	GlobalSection(ExtensibilityGlobals) = postSolution
		SolutionGuid = {A5213363-8D95-455E-BCDC-594F3DB7B6A0}
	EndGlobalSection
EndGlobal
